// !$*UTF8*$!
{
	archiveVersion = 1;
	classes = {
	};
	objectVersion = 46;
	objects = {

/* Begin PBXBuildFile section */
		8C2810D11E5323CE0053416F /* File.swift in Sources */ = {isa = PBXBuildFile; fileRef = 8C2810D01E5323CE0053416F /* File.swift */; };
		8C4438741E5035270034000C /* AppDelegate.swift in Sources */ = {isa = PBXBuildFile; fileRef = 8C4438731E5035270034000C /* AppDelegate.swift */; };
		8C4438761E5035270034000C /* ViewController.swift in Sources */ = {isa = PBXBuildFile; fileRef = 8C4438751E5035270034000C /* ViewController.swift */; };
		8C4438791E5035270034000C /* Main.storyboard in Resources */ = {isa = PBXBuildFile; fileRef = 8C4438771E5035270034000C /* Main.storyboard */; };
		8C44387B1E5035270034000C /* Assets.xcassets in Resources */ = {isa = PBXBuildFile; fileRef = 8C44387A1E5035270034000C /* Assets.xcassets */; };
		8C44387E1E5035270034000C /* LaunchScreen.storyboard in Resources */ = {isa = PBXBuildFile; fileRef = 8C44387C1E5035270034000C /* LaunchScreen.storyboard */; };
		8C4438891E5035270034000C /* ___Tests.swift in Sources */ = {isa = PBXBuildFile; fileRef = 8C4438881E5035270034000C /* ___Tests.swift */; };
		8C4438941E5035270034000C /* ___UITests.swift in Sources */ = {isa = PBXBuildFile; fileRef = 8C4438931E5035270034000C /* ___UITests.swift */; };
/* End PBXBuildFile section */

/* Begin PBXContainerItemProxy section */
		8C4438851E5035270034000C /* PBXContainerItemProxy */ = {
			isa = PBXContainerItemProxy;
			containerPortal = 8C4438681E5035260034000C /* Project object */;
			proxyType = 1;
			remoteGlobalIDString = 8C44386F1E5035260034000C;
			remoteInfo = "五子棋";
		};
		8C4438901E5035270034000C /* PBXContainerItemProxy */ = {
			isa = PBXContainerItemProxy;
			containerPortal = 8C4438681E5035260034000C /* Project object */;
			proxyType = 1;
			remoteGlobalIDString = 8C44386F1E5035260034000C;
			remoteInfo = "五子棋";
		};
/* End PBXContainerItemProxy section */

/* Begin PBXFileReference section */
		8C2810D01E5323CE0053416F /* File.swift */ = {isa = PBXFileReference; fileEncoding = 4; lastKnownFileType = sourcecode.swift; path = File.swift; sourceTree = "<group>"; };
		8C4438701E5035270034000C /* 五子棋.app */ = {isa = PBXFileReference; explicitFileType = wrapper.application; includeInIndex = 0; path = "五子棋.app"; sourceTree = BUILT_PRODUCTS_DIR; };
		8C4438731E5035270034000C /* AppDelegate.swift */ = {isa = PBXFileReference; lastKnownFileType = sourcecode.swift; path = AppDelegate.swift; sourceTree = "<group>"; };
		8C4438751E5035270034000C /* ViewController.swift */ = {isa = PBXFileReference; lastKnownFileType = sourcecode.swift; path = ViewController.swift; sourceTree = "<group>"; wrapsLines = 0; };
		8C4438781E5035270034000C /* Base */ = {isa = PBXFileReference; lastKnownFileType = file.storyboard; name = Base; path = Base.lproj/Main.storyboard; sourceTree = "<group>"; };
		8C44387A1E5035270034000C /* Assets.xcassets */ = {isa = PBXFileReference; lastKnownFileType = folder.assetcatalog; path = Assets.xcassets; sourceTree = "<group>"; };
		8C44387D1E5035270034000C /* Base */ = {isa = PBXFileReference; lastKnownFileType = file.storyboard; name = Base; path = Base.lproj/LaunchScreen.storyboard; sourceTree = "<group>"; };
		8C44387F1E5035270034000C /* Info.plist */ = {isa = PBXFileReference; lastKnownFileType = text.plist.xml; path = Info.plist; sourceTree = "<group>"; };
		8C4438841E5035270034000C /* 五子棋Tests.xctest */ = {isa = PBXFileReference; explicitFileType = wrapper.cfbundle; includeInIndex = 0; path = "五子棋Tests.xctest"; sourceTree = BUILT_PRODUCTS_DIR; };
		8C4438881E5035270034000C /* ___Tests.swift */ = {isa = PBXFileReference; lastKnownFileType = sourcecode.swift; path = "___Tests.swift"; sourceTree = "<group>"; };
		8C44388A1E5035270034000C /* Info.plist */ = {isa = PBXFileReference; lastKnownFileType = text.plist.xml; path = Info.plist; sourceTree = "<group>"; };
		8C44388F1E5035270034000C /* 五子棋UITests.xctest */ = {isa = PBXFileReference; explicitFileType = wrapper.cfbundle; includeInIndex = 0; path = "五子棋UITests.xctest"; sourceTree = BUILT_PRODUCTS_DIR; };
		8C4438931E5035270034000C /* ___UITests.swift */ = {isa = PBXFileReference; lastKnownFileType = sourcecode.swift; path = "___UITests.swift"; sourceTree = "<group>"; };
		8C4438951E5035270034000C /* Info.plist */ = {isa = PBXFileReference; lastKnownFileType = text.plist.xml; path = Info.plist; sourceTree = "<group>"; };
		8C4438A11E5045980034000C /* MyPlayground.playground */ = {isa = PBXFileReference; lastKnownFileType = file.playground; path = MyPlayground.playground; sourceTree = "<group>"; };
/* End PBXFileReference section */

/* Begin PBXFrameworksBuildPhase section */
		8C44386D1E5035260034000C /* Frameworks */ = {
			isa = PBXFrameworksBuildPhase;
			buildActionMask = 2147483647;
			files = (
			);
			runOnlyForDeploymentPostprocessing = 0;
		};
		8C4438811E5035270034000C /* Frameworks */ = {
			isa = PBXFrameworksBuildPhase;
			buildActionMask = 2147483647;
			files = (
			);
			runOnlyForDeploymentPostprocessing = 0;
		};
		8C44388C1E5035270034000C /* Frameworks */ = {
			isa = PBXFrameworksBuildPhase;
			buildActionMask = 2147483647;
			files = (
			);
			runOnlyForDeploymentPostprocessing = 0;
		};
/* End PBXFrameworksBuildPhase section */

/* Begin PBXGroup section */
		8C4438671E5035260034000C = {
			isa = PBXGroup;
			children = (
				8C4438721E5035270034000C /* 五子棋 */,
				8C4438871E5035270034000C /* 五子棋Tests */,
				8C4438921E5035270034000C /* 五子棋UITests */,
				8C4438711E5035270034000C /* Products */,
			);
			sourceTree = "<group>";
		};
		8C4438711E5035270034000C /* Products */ = {
			isa = PBXGroup;
			children = (
				8C4438701E5035270034000C /* 五子棋.app */,
				8C4438841E5035270034000C /* 五子棋Tests.xctest */,
				8C44388F1E5035270034000C /* 五子棋UITests.xctest */,
			);
			name = Products;
			sourceTree = "<group>";
		};
		8C4438721E5035270034000C /* 五子棋 */ = {
			isa = PBXGroup;
			children = (
				8C4438731E5035270034000C /* AppDelegate.swift */,
				8C4438751E5035270034000C /* ViewController.swift */,
				8C2810D01E5323CE0053416F /* File.swift */,
				8C4438771E5035270034000C /* Main.storyboard */,
				8C44387A1E5035270034000C /* Assets.xcassets */,
				8C44387C1E5035270034000C /* LaunchScreen.storyboard */,
				8C44387F1E5035270034000C /* Info.plist */,
				8C4438A11E5045980034000C /* MyPlayground.playground */,
			);
			path = "五子棋";
			sourceTree = "<group>";
		};
		8C4438871E5035270034000C /* 五子棋Tests */ = {
			isa = PBXGroup;
			children = (
				8C4438881E5035270034000C /* ___Tests.swift */,
				8C44388A1E5035270034000C /* Info.plist */,
			);
			path = "五子棋Tests";
			sourceTree = "<group>";
		};
		8C4438921E5035270034000C /* 五子棋UITests */ = {
			isa = PBXGroup;
			children = (
				8C4438931E5035270034000C /* ___UITests.swift */,
				8C4438951E5035270034000C /* Info.plist */,
			);
			path = "五子棋UITests";
			sourceTree = "<group>";
		};
/* End PBXGroup section */

/* Begin PBXNativeTarget section */
		8C44386F1E5035260034000C /* 五子棋 */ = {
			isa = PBXNativeTarget;
			buildConfigurationList = 8C4438981E5035270034000C /* Build configuration list for PBXNativeTarget "五子棋" */;
			buildPhases = (
				8C44386C1E5035260034000C /* Sources */,
				8C44386D1E5035260034000C /* Frameworks */,
				8C44386E1E5035260034000C /* Resources */,
			);
			buildRules = (
			);
			dependencies = (
			);
			name = "五子棋";
			productName = "五子棋";
			productReference = 8C4438701E5035270034000C /* 五子棋.app */;
			productType = "com.apple.product-type.application";
		};
		8C4438831E5035270034000C /* 五子棋Tests */ = {
			isa = PBXNativeTarget;
			buildConfigurationList = 8C44389B1E5035270034000C /* Build configuration list for PBXNativeTarget "五子棋Tests" */;
			buildPhases = (
				8C4438801E5035270034000C /* Sources */,
				8C4438811E5035270034000C /* Frameworks */,
				8C4438821E5035270034000C /* Resources */,
			);
			buildRules = (
			);
			dependencies = (
				8C4438861E5035270034000C /* PBXTargetDependency */,
			);
			name = "五子棋Tests";
			productName = "五子棋Tests";
			productReference = 8C4438841E5035270034000C /* 五子棋Tests.xctest */;
			productType = "com.apple.product-type.bundle.unit-test";
		};
		8C44388E1E5035270034000C /* 五子棋UITests */ = {
			isa = PBXNativeTarget;
			buildConfigurationList = 8C44389E1E5035270034000C /* Build configuration list for PBXNativeTarget "五子棋UITests" */;
			buildPhases = (
				8C44388B1E5035270034000C /* Sources */,
				8C44388C1E5035270034000C /* Frameworks */,
				8C44388D1E5035270034000C /* Resources */,
			);
			buildRules = (
			);
			dependencies = (
				8C4438911E5035270034000C /* PBXTargetDependency */,
			);
			name = "五子棋UITests";
			productName = "五子棋UITests";
			productReference = 8C44388F1E5035270034000C /* 五子棋UITests.xctest */;
			productType = "com.apple.product-type.bundle.ui-testing";
		};
/* End PBXNativeTarget section */

/* Begin PBXProject section */
		8C4438681E5035260034000C /* Project object */ = {
			isa = PBXProject;
			attributes = {
				LastSwiftUpdateCheck = 0820;
				LastUpgradeCheck = 0820;
				ORGANIZATIONNAME = "董嘉豪";
				TargetAttributes = {
					8C44386F1E5035260034000C = {
						CreatedOnToolsVersion = 8.2.1;
						DevelopmentTeam = ZRU9NS7944;
						ProvisioningStyle = Automatic;
					};
					8C4438831E5035270034000C = {
						CreatedOnToolsVersion = 8.2.1;
						DevelopmentTeam = 5N93LQTMWX;
						ProvisioningStyle = Automatic;
						TestTargetID = 8C44386F1E5035260034000C;
					};
					8C44388E1E5035270034000C = {
						CreatedOnToolsVersion = 8.2.1;
						DevelopmentTeam = 5N93LQTMWX;
						ProvisioningStyle = Automatic;
						TestTargetID = 8C44386F1E5035260034000C;
					};
				};
			};
			buildConfigurationList = 8C44386B1E5035260034000C /* Build configuration list for PBXProject "五子棋" */;
			compatibilityVersion = "Xcode 3.2";
			developmentRegion = English;
			hasScannedForEncodings = 0;
			knownRegions = (
				en,
				Base,
			);
			mainGroup = 8C4438671E5035260034000C;
			productRefGroup = 8C4438711E5035270034000C /* Products */;
			projectDirPath = "";
			projectRoot = "";
			targets = (
				8C44386F1E5035260034000C /* 五子棋 */,
				8C4438831E5035270034000C /* 五子棋Tests */,
				8C44388E1E5035270034000C /* 五子棋UITests */,
			);
		};
/* End PBXProject section */

/* Begin PBXResourcesBuildPhase section */
		8C44386E1E5035260034000C /* Resources */ = {
			isa = PBXResourcesBuildPhase;
			buildActionMask = 2147483647;
			files = (
				8C44387E1E5035270034000C /* LaunchScreen.storyboard in Resources */,
				8C44387B1E5035270034000C /* Assets.xcassets in Resources */,
				8C4438791E5035270034000C /* Main.storyboard in Resources */,
			);
			runOnlyForDeploymentPostprocessing = 0;
		};
		8C4438821E5035270034000C /* Resources */ = {
			isa = PBXResourcesBuildPhase;
			buildActionMask = 2147483647;
			files = (
			);
			runOnlyForDeploymentPostprocessing = 0;
		};
		8C44388D1E5035270034000C /* Resources */ = {
			isa = PBXResourcesBuildPhase;
			buildActionMask = 2147483647;
			files = (
			);
			runOnlyForDeploymentPostprocessing = 0;
		};
/* End PBXResourcesBuildPhase section */

/* Begin PBXSourcesBuildPhase section */
		8C44386C1E5035260034000C /* Sources */ = {
			isa = PBXSourcesBuildPhase;
			buildActionMask = 2147483647;
			files = (
				8C4438761E5035270034000C /* ViewController.swift in Sources */,
				8C2810D11E5323CE0053416F /* File.swift in Sources */,
				8C4438741E5035270034000C /* AppDelegate.swift in Sources */,
			);
			runOnlyForDeploymentPostprocessing = 0;
		};
		8C4438801E5035270034000C /* Sources */ = {
			isa = PBXSourcesBuildPhase;
			buildActionMask = 2147483647;
			files = (
				8C4438891E5035270034000C /* ___Tests.swift in Sources */,
			);
			runOnlyForDeploymentPostprocessing = 0;
		};
		8C44388B1E5035270034000C /* Sources */ = {
			isa = PBXSourcesBuildPhase;
			buildActionMask = 2147483647;
			files = (
				8C4438941E5035270034000C /* ___UITests.swift in Sources */,
			);
			runOnlyForDeploymentPostprocessing = 0;
		};
/* End PBXSourcesBuildPhase section */

/* Begin PBXTargetDependency section */
		8C4438861E5035270034000C /* PBXTargetDependency */ = {
			isa = PBXTargetDependency;
			target = 8C44386F1E5035260034000C /* 五子棋 */;
			targetProxy = 8C4438851E5035270034000C /* PBXContainerItemProxy */;
		};
		8C4438911E5035270034000C /* PBXTargetDependency */ = {
			isa = PBXTargetDependency;
			target = 8C44386F1E5035260034000C /* 五子棋 */;
			targetProxy = 8C4438901E5035270034000C /* PBXContainerItemProxy */;
		};
/* End PBXTargetDependency section */

/* Begin PBXVariantGroup section */
		8C4438771E5035270034000C /* Main.storyboard */ = {
			isa = PBXVariantGroup;
			children = (
				8C4438781E5035270034000C /* Base */,
			);
			name = Main.storyboard;
			sourceTree = "<group>";
		};
		8C44387C1E5035270034000C /* LaunchScreen.storyboard */ = {
			isa = PBXVariantGroup;
			children = (
				8C44387D1E5035270034000C /* Base */,
			);
			name = LaunchScreen.storyboard;
			sourceTree = "<group>";
		};
/* End PBXVariantGroup section */

/* Begin XCBuildConfiguration section */
		8C4438961E5035270034000C /* Debug */ = {
			isa = XCBuildConfiguration;
			buildSettings = {
				ALWAYS_SEARCH_USER_PATHS = NO;
				CLANG_ANALYZER_NONNULL = YES;
				CLANG_CXX_LANGUAGE_STANDARD = "gnu++0x";
				CLANG_CXX_LIBRARY = "libc++";
				CLANG_ENABLE_MODULES = YES;
				CLANG_ENABLE_OBJC_ARC = YES;
				CLANG_WARN_BOOL_CONVERSION = YES;
				CLANG_WARN_CONSTANT_CONVERSION = YES;
				CLANG_WARN_DIRECT_OBJC_ISA_USAGE = YES_ERROR;
				CLANG_WARN_DOCUMENTATION_COMMENTS = YES;
				CLANG_WARN_EMPTY_BODY = YES;
				CLANG_WARN_ENUM_CONVERSION = YES;
				CLANG_WARN_INFINITE_RECURSION = YES;
				CLANG_WARN_INT_CONVERSION = YES;
				CLANG_WARN_OBJC_ROOT_CLASS = YES_ERROR;
				CLANG_WARN_SUSPICIOUS_MOVE = YES;
				CLANG_WARN_UNREACHABLE_CODE = YES;
				CLANG_WARN__DUPLICATE_METHOD_MATCH = YES;
				"CODE_SIGN_IDENTITY[sdk=iphoneos*]" = "iPhone Developer";
				COPY_PHASE_STRIP = NO;
				DEBUG_INFORMATION_FORMAT = dwarf;
				ENABLE_STRICT_OBJC_MSGSEND = YES;
				ENABLE_TESTABILITY = YES;
				GCC_C_LANGUAGE_STANDARD = gnu99;
				GCC_DYNAMIC_NO_PIC = NO;
				GCC_NO_COMMON_BLOCKS = YES;
				GCC_OPTIMIZATION_LEVEL = 0;
				GCC_PREPROCESSOR_DEFINITIONS = (
					"DEBUG=1",
					"$(inherited)",
				);
				GCC_WARN_64_TO_32_BIT_CONVERSION = YES;
				GCC_WARN_ABOUT_RETURN_TYPE = YES_ERROR;
				GCC_WARN_UNDECLARED_SELECTOR = YES;
				GCC_WARN_UNINITIALIZED_AUTOS = YES_AGGRESSIVE;
				GCC_WARN_UNUSED_FUNCTION = YES;
				GCC_WARN_UNUSED_VARIABLE = YES;
				IPHONEOS_DEPLOYMENT_TARGET = 10.2;
				MTL_ENABLE_DEBUG_INFO = YES;
				ONLY_ACTIVE_ARCH = YES;
				SDKROOT = iphoneos;
				SWIFT_ACTIVE_COMPILATION_CONDITIONS = DEBUG;
				SWIFT_OPTIMIZATION_LEVEL = "-Onone";
			};
			name = Debug;
		};
		8C4438971E5035270034000C /* Release */ = {
			isa = XCBuildConfiguration;
			buildSettings = {
				ALWAYS_SEARCH_USER_PATHS = NO;
				CLANG_ANALYZER_NONNULL = YES;
				CLANG_CXX_LANGUAGE_STANDARD = "gnu++0x";
				CLANG_CXX_LIBRARY = "libc++";
				CLANG_ENABLE_MODULES = YES;
				CLANG_ENABLE_OBJC_ARC = YES;
				CLANG_WARN_BOOL_CONVERSION = YES;
				CLANG_WARN_CONSTANT_CONVERSION = YES;
				CLANG_WARN_DIRECT_OBJC_ISA_USAGE = YES_ERROR;
				CLANG_WARN_DOCUMENTATION_COMMENTS = YES;
				CLANG_WARN_EMPTY_BODY = YES;
				CLANG_WARN_ENUM_CONVERSION = YES;
				CLANG_WARN_INFINITE_RECURSION = YES;
				CLANG_WARN_INT_CONVERSION = YES;
				CLANG_WARN_OBJC_ROOT_CLASS = YES_ERROR;
				CLANG_WARN_SUSPICIOUS_MOVE = YES;
				CLANG_WARN_UNREACHABLE_CODE = YES;
				CLANG_WARN__DUPLICATE_METHOD_MATCH = YES;
				"CODE_SIGN_IDENTITY[sdk=iphoneos*]" = "iPhone Developer";
				COPY_PHASE_STRIP = NO;
				DEBUG_INFORMATION_FORMAT = "dwarf-with-dsym";
				ENABLE_NS_ASSERTIONS = NO;
				ENABLE_STRICT_OBJC_MSGSEND = YES;
				GCC_C_LANGUAGE_STANDARD = gnu99;
				GCC_NO_COMMON_BLOCKS = YES;
				GCC_WARN_64_TO_32_BIT_CONVERSION = YES;
				GCC_WARN_ABOUT_RETURN_TYPE = YES_ERROR;
				GCC_WARN_UNDECLARED_SELECTOR = YES;
				GCC_WARN_UNINITIALIZED_AUTOS = YES_AGGRESSIVE;
				GCC_WARN_UNUSED_FUNCTION = YES;
				GCC_WARN_UNUSED_VARIABLE = YES;
				IPHONEOS_DEPLOYMENT_TARGET = 10.2;
				MTL_ENABLE_DEBUG_INFO = NO;
				SDKROOT = iphoneos;
				SWIFT_OPTIMIZATION_LEVEL = "-Owholemodule";
				VALIDATE_PRODUCT = YES;
			};
			name = Release;
		};
		8C4438991E5035270034000C /* Debug */ = {
			isa = XCBuildConfiguration;
			buildSettings = {
				ASSETCATALOG_COMPILER_APPICON_NAME = AppIcon;
				DEVELOPMENT_TEAM = ZRU9NS7944;
				INFOPLIST_FILE = "五子棋/Info.plist";
				IPHONEOS_DEPLOYMENT_TARGET = 10.2;
				LD_RUNPATH_SEARCH_PATHS = "$(inherited) @executable_path/Frameworks";
				PRODUCT_BUNDLE_IDENTIFIER = "org.lfiab.dong.---";
				PRODUCT_NAME = "$(TARGET_NAME)";
				SWIFT_VERSION = 3.0;
			};
			name = Debug;
		};
		8C44389A1E5035270034000C /* Release */ = {
			isa = XCBuildConfiguration;
			buildSettings = {
				ASSETCATALOG_COMPILER_APPICON_NAME = AppIcon;
				DEVELOPMENT_TEAM = ZRU9NS7944;
				INFOPLIST_FILE = "五子棋/Info.plist";
				IPHONEOS_DEPLOYMENT_TARGET = 10.2;
				LD_RUNPATH_SEARCH_PATHS = "$(inherited) @executable_path/Frameworks";
				PRODUCT_BUNDLE_IDENTIFIER = "org.lfiab.dong.---";
				PRODUCT_NAME = "$(TARGET_NAME)";
				SWIFT_VERSION = 3.0;
			};
			name = Release;
		};
		8C44389C1E5035270034000C /* Debug */ = {
			isa = XCBuildConfiguration;
			buildSettings = {
				ALWAYS_EMBED_SWIFT_STANDARD_LIBRARIES = YES;
				BUNDLE_LOADER = "$(TEST_HOST)";
				DEVELOPMENT_TEAM = 5N93LQTMWX;
				INFOPLIST_FILE = "五子棋Tests/Info.plist";
				LD_RUNPATH_SEARCH_PATHS = "$(inherited) @executable_path/Frameworks @loader_path/Frameworks";
				PRODUCT_BUNDLE_IDENTIFIER = "org.lfiab.dong.---Tests";
				PRODUCT_NAME = "$(TARGET_NAME)";
				SWIFT_VERSION = 3.0;
				TEST_HOST = "$(BUILT_PRODUCTS_DIR)/五子棋.app/五子棋";
			};
			name = Debug;
		};
		8C44389D1E5035270034000C /* Release */ = {
			isa = XCBuildConfiguration;
			buildSettings = {
				ALWAYS_EMBED_SWIFT_STANDARD_LIBRARIES = YES;
				BUNDLE_LOADER = "$(TEST_HOST)";
				DEVELOPMENT_TEAM = 5N93LQTMWX;
				INFOPLIST_FILE = "五子棋Tests/Info.plist";
				LD_RUNPATH_SEARCH_PATHS = "$(inherited) @executable_path/Frameworks @loader_path/Frameworks";
				PRODUCT_BUNDLE_IDENTIFIER = "org.lfiab.dong.---Tests";
				PRODUCT_NAME = "$(TARGET_NAME)";
				SWIFT_VERSION = 3.0;
				TEST_HOST = "$(BUILT_PRODUCTS_DIR)/五子棋.app/五子棋";
			};
			name = Release;
		};
		8C44389F1E5035270034000C /* Debug */ = {
			isa = XCBuildConfiguration;
			buildSettings = {
				ALWAYS_EMBED_SWIFT_STANDARD_LIBRARIES = YES;
				DEVELOPMENT_TEAM = 5N93LQTMWX;
				INFOPLIST_FILE = "五子棋UITests/Info.plist";
				LD_RUNPATH_SEARCH_PATHS = "$(inherited) @executable_path/Frameworks @loader_path/Frameworks";
				PRODUCT_BUNDLE_IDENTIFIER = "org.lfiab.dong.---UITests";
				PRODUCT_NAME = "$(TARGET_NAME)";
				SWIFT_VERSION = 3.0;
				TEST_TARGET_NAME = "五子棋";
			};
			name = Debug;
		};
		8C4438A01E5035270034000C /* Release */ = {
			isa = XCBuildConfiguration;
			buildSettings = {
				ALWAYS_EMBED_SWIFT_STANDARD_LIBRARIES = YES;
				DEVELOPMENT_TEAM = 5N93LQTMWX;
				INFOPLIST_FILE = "五子棋UITests/Info.plist";
				LD_RUNPATH_SEARCH_PATHS = "$(inherited) @executable_path/Frameworks @loader_path/Frameworks";
				PRODUCT_BUNDLE_IDENTIFIER = "org.lfiab.dong.---UITests";
				PRODUCT_NAME = "$(TARGET_NAME)";
				SWIFT_VERSION = 3.0;
				TEST_TARGET_NAME = "五子棋";
			};
			name = Release;
		};
/* End XCBuildConfiguration section */

/* Begin XCConfigurationList section */
		8C44386B1E5035260034000C /* Build configuration list for PBXProject "五子棋" */ = {
			isa = XCConfigurationList;
			buildConfigurations = (
				8C4438961E5035270034000C /* Debug */,
				8C4438971E5035270034000C /* Release */,
			);
			defaultConfigurationIsVisible = 0;
			defaultConfigurationName = Release;
		};
		8C4438981E5035270034000C /* Build configuration list for PBXNativeTarget "五子棋" */ = {
			isa = XCConfigurationList;
			buildConfigurations = (
				8C4438991E5035270034000C /* Debug */,
				8C44389A1E5035270034000C /* Release */,
			);
			defaultConfigurationIsVisible = 0;
			defaultConfigurationName = Release;
		};
		8C44389B1E5035270034000C /* Build configuration list for PBXNativeTarget "五子棋Tests" */ = {
			isa = XCConfigurationList;
			buildConfigurations = (
				8C44389C1E5035270034000C /* Debug */,
				8C44389D1E5035270034000C /* Release */,
			);
			defaultConfigurationIsVisible = 0;
			defaultConfigurationName = Release;
		};
		8C44389E1E5035270034000C /* Build configuration list for PBXNativeTarget "五子棋UITests" */ = {
			isa = XCConfigurationList;
			buildConfigurations = (
				8C44389F1E5035270034000C /* Debug */,
				8C4438A01E5035270034000C /* Release */,
			);
			defaultConfigurationIsVisible = 0;
			defaultConfigurationName = Release;
		};
/* End XCConfigurationList section */
	};
	rootObject = 8C4438681E5035260034000C /* Project object */;
}
